# THIS IS AN AUTOGENERATED FILE. DO NOT EDIT THIS FILE DIRECTLY.
# yarn lockfile v1


"@discordjs/builders@^0.16.0":
  version "0.16.0"
  resolved "https://registry.yarnpkg.com/@discordjs/builders/-/builders-0.16.0.tgz#3201f57fa57c4dd77aebb480cf47da77b7ba2e8c"
  integrity sha512-9/NCiZrLivgRub2/kBc0Vm5pMBE5AUdYbdXsLu/yg9ANgvnaJ0bZKTY8yYnLbsEc/LYUP79lEIdC73qEYhWq7A==
  dependencies:
    "@sapphire/shapeshift" "^3.5.1"
    discord-api-types "^0.36.2"
    fast-deep-equal "^3.1.3"
    ts-mixer "^6.0.1"
    tslib "^2.4.0"

"@discordjs/collection@^0.7.0":
  version "0.7.0"
  resolved "https://registry.yarnpkg.com/@discordjs/collection/-/collection-0.7.0.tgz#1a6c00198b744ba2b73a64442145da637ac073b8"
  integrity sha512-R5i8Wb8kIcBAFEPLLf7LVBQKBDYUL+ekb23sOgpkpyGT+V4P7V83wTxcsqmX+PbqHt4cEHn053uMWfRqh/Z/nA==

"@discordjs/collection@^1.4.0":
  version "1.4.0"
  resolved "https://registry.yarnpkg.com/@discordjs/collection/-/collection-1.4.0.tgz#6b5d5429db0691a3f5a962c21f6bc7859eef3333"
  integrity sha512-hiOJyk2CPFf1+FL3a4VKCuu1f448LlROVuu8nLz1+jCOAPokUcdFAV+l4pd3B3h6uJlJQSASoZzrdyNdjdtfzQ==

"@discordjs/rest@^1.6.0":
  version "1.6.0"
  resolved "https://registry.yarnpkg.com/@discordjs/rest/-/rest-1.6.0.tgz#d77c9b5533f6d2079468d4fd497d3fabeb529c20"
  integrity sha512-HGvqNCZ5Z5j0tQHjmT1lFvE5ETO4hvomJ1r0cbnpC1zM23XhCpZ9wgTCiEmaxKz05cyf2CI9p39+9LL+6Yz1bA==
  dependencies:
    "@discordjs/collection" "^1.4.0"
    "@discordjs/util" "^0.2.0"
    "@sapphire/async-queue" "^1.5.0"
    "@sapphire/snowflake" "^3.4.0"
    discord-api-types "^0.37.35"
    file-type "^18.2.1"
    tslib "^2.5.0"
    undici "^5.20.0"

"@discordjs/util@^0.2.0":
  version "0.2.0"
  resolved "https://registry.yarnpkg.com/@discordjs/util/-/util-0.2.0.tgz#91b590dae3934ffa5fe34530afc5212c569d6751"
  integrity sha512-/8qNbebFzLWKOOg+UV+RB8itp4SmU5jw0tBUD3ifElW6rYNOj1Ku5JaSW7lLl/WgjjxF01l/1uQPCzkwr110vg==

"@sapphire/async-queue@^1.5.0":
  version "1.5.0"
  resolved "https://registry.yarnpkg.com/@sapphire/async-queue/-/async-queue-1.5.0.tgz#2f255a3f186635c4fb5a2381e375d3dfbc5312d8"
  integrity sha512-JkLdIsP8fPAdh9ZZjrbHWR/+mZj0wvKS5ICibcLrRI1j84UmLMshx5n9QmL8b95d4onJ2xxiyugTgSAX7AalmA==

"@sapphire/shapeshift@^3.5.1":
  version "3.8.1"
  resolved "https://registry.yarnpkg.com/@sapphire/shapeshift/-/shapeshift-3.8.1.tgz#b98dc6a7180f9b38219267917b2e6fa33f9ec656"
  integrity sha512-xG1oXXBhCjPKbxrRTlox9ddaZTvVpOhYLmKmApD/vIWOV1xEYXnpoFs68zHIZBGbqztq6FrUPNPerIrO1Hqeaw==
  dependencies:
    fast-deep-equal "^3.1.3"
    lodash "^4.17.21"

"@sapphire/snowflake@^3.4.0":
  version "3.4.0"
  resolved "https://registry.yarnpkg.com/@sapphire/snowflake/-/snowflake-3.4.0.tgz#25c012158a9feea2256c718985dbd6c1859a5022"
  integrity sha512-zZxymtVO6zeXVMPds+6d7gv/OfnCc25M1Z+7ZLB0oPmeMTPeRWVPQSS16oDJy5ZsyCOLj7M6mbZml5gWXcVRNw==

"@tokenizer/token@^0.3.0":
  version "0.3.0"
  resolved "https://registry.yarnpkg.com/@tokenizer/token/-/token-0.3.0.tgz#fe98a93fe789247e998c75e74e9c7c63217aa276"
  integrity sha512-OvjF+z51L3ov0OyAU0duzsYuvO01PH7x4t6DJx+guahgTnBHkhJdG7soQeTSFLWN3efnHyibZ4Z8l2EuWwJN3A==

"@types/date-and-time@^0.13.0":
  version "0.13.0"
  resolved "https://registry.yarnpkg.com/@types/date-and-time/-/date-and-time-0.13.0.tgz#8252c1a8d166a8baf4e9631321a85e6e5ce59457"
  integrity sha512-kHEncapIgrqaY8r2tyb19EvdKyhNjwheLl5cYTorsWJtURoI+oGm5ehW8CLAaq4dvu8x9z56FcXqAT4Mm5Nvzw==

"@types/node-fetch@^2.6.2":
  version "2.6.3"
  resolved "https://registry.yarnpkg.com/@types/node-fetch/-/node-fetch-2.6.3.tgz#175d977f5e24d93ad0f57602693c435c57ad7e80"
  integrity sha512-ETTL1mOEdq/sxUtgtOhKjyB2Irra4cjxksvcMUR5Zr4n+PxVhsCD9WS46oPbHL3et9Zde7CNRr+WUNlcHvsX+w==
  dependencies:
    "@types/node" "*"
    form-data "^3.0.0"

"@types/node@*":
  version "18.15.11"
  resolved "https://registry.yarnpkg.com/@types/node/-/node-18.15.11.tgz#b3b790f09cb1696cffcec605de025b088fa4225f"
  integrity sha512-E5Kwq2n4SbMzQOn6wnmBjuK9ouqlURrcZDVfbo9ftDDTFt3nk7ZKK4GMOzoYgnpQJKcxwQw+lGaBvvlMo0qN/Q==

"@types/node@^17.0.24":
  version "17.0.45"
  resolved "https://registry.yarnpkg.com/@types/node/-/node-17.0.45.tgz#2c0fafd78705e7a18b7906b5201a522719dc5190"
  integrity sha512-w+tIMs3rq2afQdsPJlODhoUEKzFP1ayaoyl1CcnwtIlsVe7K7bA1NGm4s3PraqTLlXnbIN84zuBlxBWo1u9BLw==

"@types/node@^20.11.5":
  version "20.17.6"
  resolved "https://registry.yarnpkg.com/@types/node/-/node-20.17.6.tgz#6e4073230c180d3579e8c60141f99efdf5df0081"
  integrity sha512-VEI7OdvK2wP7XHnsuXbAJnEpEkF6NjSN45QJlL4VGqZSXsnicpesdTWsg9RISeSdYd3yeRj/y3k5KGjUXYnFwQ==
  dependencies:
    undici-types "~6.19.2"

"@types/ws@^8.5.10":
  version "8.5.13"
  resolved "https://registry.yarnpkg.com/@types/ws/-/ws-8.5.13.tgz#6414c280875e2691d0d1e080b05addbf5cb91e20"
  integrity sha512-osM/gWBTPKgHV8XkTunnegTRIsvF6owmf5w+JtAfOw472dptdm0dlGv4xCt6GwQRcC2XVOvvRE/0bAoQcL2QkA==
  dependencies:
    "@types/node" "*"

"@types/ws@^8.5.3", "@types/ws@^8.5.4":
  version "8.5.4"
  resolved "https://registry.yarnpkg.com/@types/ws/-/ws-8.5.4.tgz#bb10e36116d6e570dd943735f86c933c1587b8a5"
  integrity sha512-zdQDHKUgcX/zBc4GrwsE/7dVdAD8JR4EuiAXiiUhhfyIJXXb2+PrGshFyeXWQPMmmZ2XxgaqclgpIC7eTXc1mg==
  dependencies:
    "@types/node" "*"

asynckit@^0.4.0:
  version "0.4.0"
  resolved "https://registry.yarnpkg.com/asynckit/-/asynckit-0.4.0.tgz#c79ed97f7f34cb8f2ba1bc9790bcc366474b4b79"
  integrity sha512-Oei9OH4tRh0YqU3GxhX79dM/mwVgvbZJaSNaRk+bshkj0S5cfHcgYakreBjrHwatXKbz+IoIdYLxrKim2MjW0Q==

axios@^1.6.5:
  version "1.7.7"
  resolved "https://registry.yarnpkg.com/axios/-/axios-1.7.7.tgz#2f554296f9892a72ac8d8e4c5b79c14a91d0a47f"
  integrity sha512-S4kL7XrjgBmvdGut0sN3yJxqYzrDOnivkBiN0OFs6hLiUam3UPvswUo0kqGyhqUZGEOytHyumEdXsAkgCOUf3Q==
  dependencies:
    follow-redirects "^1.15.6"
    form-data "^4.0.0"
    proxy-from-env "^1.1.0"

busboy@^1.6.0:
  version "1.6.0"
  resolved "https://registry.yarnpkg.com/busboy/-/busboy-1.6.0.tgz#966ea36a9502e43cdb9146962523b92f531f6893"
  integrity sha512-8SFQbg/0hQ9xy3UNTB0YEnsNBbWfhf7RtnzpL7TkBiTBRfrQ9Fxcnz7VJsleJpyp6rVLvXiuORqjlHi5q+PYuA==
  dependencies:
    streamsearch "^1.1.0"

chalk@^5.0.1:
  version "5.2.0"
  resolved "https://registry.yarnpkg.com/chalk/-/chalk-5.2.0.tgz#249623b7d66869c673699fb66d65723e54dfcfb3"
  integrity sha512-ree3Gqw/nazQAPuJJEy+avdl7QfZMcUvmHIKgEZkGL+xOBzRvup5Hxo6LHuMceSxOabuJLJm5Yp/92R9eMmMvA==

combined-stream@^1.0.8:
  version "1.0.8"
  resolved "https://registry.yarnpkg.com/combined-stream/-/combined-stream-1.0.8.tgz#c3d45a8b34fd730631a110a8a2520682b31d5a7f"
  integrity sha512-FQN4MRfuJeHf7cBbBMJFXhKSDq+2kAArBlmRBvcvFE5BB1HZKXtSFASDhdlz9zOYwxh8lDdnvmMOe/+5cdoEdg==
  dependencies:
    delayed-stream "~1.0.0"

data-uri-to-buffer@^4.0.0:
  version "4.0.1"
  resolved "https://registry.yarnpkg.com/data-uri-to-buffer/-/data-uri-to-buffer-4.0.1.tgz#d8feb2b2881e6a4f58c2e08acfd0e2834e26222e"
  integrity sha512-0R9ikRb668HB7QDxT1vkpuUBtqc53YyAwMwGeUFKRojY/NWKvdZ+9UYtRfGmhqNbRkTSVpMbmyhXipFFv2cb/A==

date-and-time@^2.3.1:
  version "2.4.3"
  resolved "https://registry.yarnpkg.com/date-and-time/-/date-and-time-2.4.3.tgz#116963998a8cecd478955ae053f31a6747a988df"
  integrity sha512-xkS/imTmsyEdpp9ie5oV5UWolg3XkYWNySbT2W4ESWr6v4V8YrsHbhpk9fIeQcr0NFTnYbQJLXlgU1zrLItysA==

delayed-stream@~1.0.0:
  version "1.0.0"
  resolved "https://registry.yarnpkg.com/delayed-stream/-/delayed-stream-1.0.0.tgz#df3ae199acadfb7d440aaae0b29e2272b24ec619"
  integrity sha512-ZySD7Nf91aLB0RxL4KGrKHBXl7Eds1DAmEdcoVawXnLD7SDhpNgtuII2aAkg7a7QS41jxPSZ17p4VdGnMHk3MQ==

discord-api-types@^0.31.1:
  version "0.31.2"
  resolved "https://registry.yarnpkg.com/discord-api-types/-/discord-api-types-0.31.2.tgz#8d131e25340bd695815af3bb77128a6993c1b516"
  integrity sha512-gpzXTvFVg7AjKVVJFH0oJGC0q0tO34iJGSHZNz9u3aqLxlD6LfxEs9wWVVikJqn9gra940oUTaPFizCkRDcEiA==

discord-api-types@^0.33.5:
  version "0.33.5"
  resolved "https://registry.yarnpkg.com/discord-api-types/-/discord-api-types-0.33.5.tgz#6548b70520f7b944c60984dca4ab58654d664a12"
  integrity sha512-dvO5M52v7m7Dy96+XUnzXNsQ/0npsYpU6dL205kAtEDueswoz3aU3bh1UMoK4cQmcGtB1YRyLKqp+DXi05lzFg==

discord-api-types@^0.36.2:
  version "0.36.3"
  resolved "https://registry.yarnpkg.com/discord-api-types/-/discord-api-types-0.36.3.tgz#a931b7e57473a5c971d6937fa5f392eb30047579"
  integrity sha512-bz/NDyG0KBo/tY14vSkrwQ/n3HKPf87a0WFW/1M9+tXYK+vp5Z5EksawfCWo2zkAc6o7CClc0eff1Pjrqznlwg==

discord-api-types@^0.37.35:
  version "0.37.37"
  resolved "https://registry.yarnpkg.com/discord-api-types/-/discord-api-types-0.37.37.tgz#49bc42a36124c85f06297f1548f130329ed5aeb0"
  integrity sha512-LDMBKzl/zbvHO/yCzno5hevuA6lFIXJwdKSJZQrB+1ToDpFfN9thK+xxgZNR4aVkI7GHRDja0p4Sl2oYVPnHYg==

discord.js@^13.6.0:
  version "13.14.0"
  resolved "https://registry.yarnpkg.com/discord.js/-/discord.js-13.14.0.tgz#23aab21dadfc10ec1f008c1ad7b4f3cd7449376f"
  integrity sha512-EXHAZmFHMf6qBHDsIANwSG792SYJpzEFv2nssfakyDqEn0HLxFLLXMaOxBtVohdkUMgtD+dzyeBlbDvAW/A0AA==
  dependencies:
    "@discordjs/builders" "^0.16.0"
    "@discordjs/collection" "^0.7.0"
    "@sapphire/async-queue" "^1.5.0"
    "@types/node-fetch" "^2.6.2"
    "@types/ws" "^8.5.3"
    discord-api-types "^0.33.5"
    form-data "^4.0.0"
    node-fetch "^2.6.7"
    ws "^8.9.0"

dotenv@^16.0.0:
  version "16.0.3"
  resolved "https://registry.yarnpkg.com/dotenv/-/dotenv-16.0.3.tgz#115aec42bac5053db3c456db30cc243a5a836a07"
  integrity sha512-7GO6HghkA5fYG9TYnNxi14/7K9f5occMlp3zXAuSxn7CKCxt9xbNWG7yF8hTCSUchlfWSe3uLmlPfigevRItzQ==

fast-deep-equal@^3.1.3:
  version "3.1.3"
  resolved "https://registry.yarnpkg.com/fast-deep-equal/-/fast-deep-equal-3.1.3.tgz#3a7d56b559d6cbc3eb512325244e619a65c6c525"
  integrity sha512-f3qQ9oQy9j2AhBe/H9VC91wLmKBCCU/gDOnKNAYG5hswO7BLKj09Hc5HYNz9cGI++xlpDCIgDaitVs03ATR84Q==

fetch-blob@^3.1.2, fetch-blob@^3.1.4:
  version "3.2.0"
  resolved "https://registry.yarnpkg.com/fetch-blob/-/fetch-blob-3.2.0.tgz#f09b8d4bbd45adc6f0c20b7e787e793e309dcce9"
  integrity sha512-7yAQpD2UMJzLi1Dqv7qFYnPbaPx7ZfFK6PiIxQ4PfkGPyNyl2Ugx+a/umUonmKqjhM4DnfbMvdX6otXq83soQQ==
  dependencies:
    node-domexception "^1.0.0"
    web-streams-polyfill "^3.0.3"

file-type@^18.2.1:
  version "18.2.1"
  resolved "https://registry.yarnpkg.com/file-type/-/file-type-18.2.1.tgz#6d8f1fa3b079606f6ecf89483346f55fcd2c671b"
  integrity sha512-Yw5MtnMv7vgD2/6Bjmmuegc8bQEVA9GmAyaR18bMYWKqsWDG9wgYZ1j4I6gNMF5Y5JBDcUcjRQqNQx7Y8uotcg==
  dependencies:
    readable-web-to-node-stream "^3.0.2"
    strtok3 "^7.0.0"
    token-types "^5.0.1"

follow-redirects@^1.15.6:
  version "1.15.9"
  resolved "https://registry.yarnpkg.com/follow-redirects/-/follow-redirects-1.15.9.tgz#a604fa10e443bf98ca94228d9eebcc2e8a2c8ee1"
  integrity sha512-gew4GsXizNgdoRyqmyfMHyAmXsZDk6mHkSxZFCzW9gwlbtOW44CDtYavM+y+72qD/Vq2l550kMF52DT8fOLJqQ==

forestbot-api-wrapper-v2@^1.4.7:
  version "1.4.7"
  resolved "https://registry.yarnpkg.com/forestbot-api-wrapper-v2/-/forestbot-api-wrapper-v2-1.4.7.tgz#30d1f641d3832f0ea2b572a6d5d9703339d05085"
  integrity sha512-WWGgBO9wG4d3qhtRCbZ0e1PUvBXS11DUjJJsxr7pzp8QWJ4yroyu/niJ/N0jwcd1H5AO4S18UU+nntytphXfqw==
  dependencies:
    "@types/node" "^20.11.5"
    "@types/ws" "^8.5.10"
    axios "^1.6.5"
    ws "^8.16.0"

forestbot-api-wrapper-v2@^1.4.8:
  version "1.4.8"
  resolved "https://registry.yarnpkg.com/forestbot-api-wrapper-v2/-/forestbot-api-wrapper-v2-1.4.8.tgz#d124900f5a71a2cdba22f925bede3f2b7bfc3c19"
  integrity sha512-VB2qTbT61n7rMn0qQMFUy7FcIDgk7XI/Y2mDTOjGgrjdTn4+eaYxs1L4N5Hr2CjcIvbAyaH8/z1QoOWhawc0ig==
  dependencies:
    "@types/node" "^20.11.5"
    "@types/ws" "^8.5.10"
    axios "^1.6.5"
    forestbot-api-wrapper-v2 "^1.4.7"
    ws "^8.16.0"

form-data@^3.0.0:
  version "3.0.1"
  resolved "https://registry.yarnpkg.com/form-data/-/form-data-3.0.1.tgz#ebd53791b78356a99af9a300d4282c4d5eb9755f"
  integrity sha512-RHkBKtLWUVwd7SqRIvCZMEvAMoGUp0XU+seQiZejj0COz3RI3hWP4sCv3gZWWLjJTd7rGwcsF5eKZGii0r/hbg==
  dependencies:
    asynckit "^0.4.0"
    combined-stream "^1.0.8"
    mime-types "^2.1.12"

form-data@^4.0.0:
  version "4.0.0"
  resolved "https://registry.yarnpkg.com/form-data/-/form-data-4.0.0.tgz#93919daeaf361ee529584b9b31664dc12c9fa452"
  integrity sha512-ETEklSGi5t0QMZuiXoA/Q6vcnxcLQP5vdugSpuAyi6SVGi2clPPp+xgEhuMaHC+zGgn31Kd235W35f7Hykkaww==
  dependencies:
    asynckit "^0.4.0"
    combined-stream "^1.0.8"
    mime-types "^2.1.12"

formdata-polyfill@^4.0.10:
  version "4.0.10"
  resolved "https://registry.yarnpkg.com/formdata-polyfill/-/formdata-polyfill-4.0.10.tgz#24807c31c9d402e002ab3d8c720144ceb8848423"
  integrity sha512-buewHzMvYL29jdeQTVILecSaZKnt/RJWjoZCF5OW60Z67/GmSLBkOFM7qh1PI3zFNtJbaZL5eQu1vLfazOwj4g==
  dependencies:
    fetch-blob "^3.1.2"

ieee754@^1.2.1:
  version "1.2.1"
  resolved "https://registry.yarnpkg.com/ieee754/-/ieee754-1.2.1.tgz#8eb7a10a63fff25d15a57b001586d177d1b0d352"
  integrity sha512-dcyqhDvX1C46lXZcVqCpK+FtMRQVdIMN6/Df5js2zouUsqG7I6sFxitIC+7KYK29KdXOLHdu9zL4sFnoVQnqaA==

inherits@^2.0.3:
  version "2.0.4"
  resolved "https://registry.yarnpkg.com/inherits/-/inherits-2.0.4.tgz#0fa2c64f932917c3433a0ded55363aae37416b7c"
  integrity sha512-k/vGaX4/Yla3WzyMCvTQOXYeIHvqOKtnqBduzTHpzpQZzAskKMhZ2K+EnBiSM9zGSoIFeMpXKxa4dYeZIQqewQ==

javascript-time-ago@^2.3.13:
  version "2.5.9"
  resolved "https://registry.yarnpkg.com/javascript-time-ago/-/javascript-time-ago-2.5.9.tgz#3c5d8012cd493d764c6b26a0ffe6e8b20afcf1fe"
  integrity sha512-pQ8mNco/9g9TqWXWWjP0EWl6i/lAQScOyEeXy5AB+f7MfLSdgyV9BJhiOD1zrIac/lrxPYOWNbyl/IW8CW5n0A==
  dependencies:
    relative-time-format "^1.1.6"

lodash@^4.17.21:
  version "4.17.21"
  resolved "https://registry.yarnpkg.com/lodash/-/lodash-4.17.21.tgz#679591c564c3bffaae8454cf0b3df370c3d6911c"
  integrity sha512-v2kDEe57lecTulaDIuNTPy3Ry4gLGJ6Z1O3vE1krgXZNrsQ+LFTGHVxVjcXPs17LhbZVGedAJv8XZ1tvj5FvSg==

mime-db@1.52.0:
  version "1.52.0"
  resolved "https://registry.yarnpkg.com/mime-db/-/mime-db-1.52.0.tgz#bbabcdc02859f4987301c856e3387ce5ec43bf70"
  integrity sha512-sPU4uV7dYlvtWJxwwxHD0PuihVNiE7TyAbQ5SWxDCB9mUYvOgroQOwYQQOKPJ8CIbE+1ETVlOoK1UC2nU3gYvg==

mime-types@^2.1.12:
  version "2.1.35"
  resolved "https://registry.yarnpkg.com/mime-types/-/mime-types-2.1.35.tgz#381a871b62a734450660ae3deee44813f70d959a"
  integrity sha512-ZDY+bPm5zTTF+YpCrAU9nK0UgICYPT0QtT1NZWFv4s++TNkcgVaT0g6+4R2uI4MjQjzysHB1zxuWL50hzaeXiw==
  dependencies:
    mime-db "1.52.0"

node-domexception@^1.0.0:
  version "1.0.0"
  resolved "https://registry.yarnpkg.com/node-domexception/-/node-domexception-1.0.0.tgz#6888db46a1f71c0b76b3f7555016b63fe64766e5"
  integrity sha512-/jKZoMpw0F8GRwl4/eLROPA3cfcXtLApP0QzLmUT/HuPCZWyB7IY9ZrMeKw2O/nFIqPQB3PVM9aYm0F312AXDQ==

node-fetch@^2.6.7:
  version "2.6.9"
  resolved "https://registry.yarnpkg.com/node-fetch/-/node-fetch-2.6.9.tgz#7c7f744b5cc6eb5fd404e0c7a9fec630a55657e6"
  integrity sha512-DJm/CJkZkRjKKj4Zi4BsKVZh3ValV5IR5s7LVZnW+6YMh0W1BfNA8XSs6DLMGYlId5F3KnA70uu2qepcR08Qqg==
  dependencies:
    whatwg-url "^5.0.0"

node-fetch@^3.2.3:
  version "3.3.1"
  resolved "https://registry.yarnpkg.com/node-fetch/-/node-fetch-3.3.1.tgz#b3eea7b54b3a48020e46f4f88b9c5a7430d20b2e"
  integrity sha512-cRVc/kyto/7E5shrWca1Wsea4y6tL9iYJE5FBCius3JQfb/4P4I295PfhgbJQBLTx6lATE4z+wK0rPM4VS2uow==
  dependencies:
    data-uri-to-buffer "^4.0.0"
    fetch-blob "^3.1.4"
    formdata-polyfill "^4.0.10"

peek-readable@^5.0.0:
  version "5.0.0"
  resolved "https://registry.yarnpkg.com/peek-readable/-/peek-readable-5.0.0.tgz#7ead2aff25dc40458c60347ea76cfdfd63efdfec"
  integrity sha512-YtCKvLUOvwtMGmrniQPdO7MwPjgkFBtFIrmfSbYmYuq3tKDV/mcfAhBth1+C3ru7uXIZasc/pHnb+YDYNkkj4A==

proxy-from-env@^1.1.0:
  version "1.1.0"
  resolved "https://registry.yarnpkg.com/proxy-from-env/-/proxy-from-env-1.1.0.tgz#e102f16ca355424865755d2c9e8ea4f24d58c3e2"
  integrity sha512-D+zkORCbA9f1tdWRK0RaCR3GPv50cMxcrz4X8k5LTSUD1Dkw47mKJEZQNunItRTkWwgtaUSo1RVFRIG9ZXiFYg==

readable-stream@^3.6.0:
  version "3.6.2"
  resolved "https://registry.yarnpkg.com/readable-stream/-/readable-stream-3.6.2.tgz#56a9b36ea965c00c5a93ef31eb111a0f11056967"
  integrity sha512-9u/sniCrY3D5WdsERHzHE4G2YCXqoG5FTHUiCC4SIbr6XcLZBY05ya9EKjYek9O5xOAwjGq+1JdGBAS7Q9ScoA==
  dependencies:
    inherits "^2.0.3"
    string_decoder "^1.1.1"
    util-deprecate "^1.0.1"

readable-web-to-node-stream@^3.0.2:
  version "3.0.2"
  resolved "https://registry.yarnpkg.com/readable-web-to-node-stream/-/readable-web-to-node-stream-3.0.2.tgz#5d52bb5df7b54861fd48d015e93a2cb87b3ee0bb"
  integrity sha512-ePeK6cc1EcKLEhJFt/AebMCLL+GgSKhuygrZ/GLaKZYEecIgIECf4UaUuaByiGtzckwR4ain9VzUh95T1exYGw==
  dependencies:
    readable-stream "^3.6.0"

relative-time-format@^1.1.6:
  version "1.1.6"
  resolved "https://registry.yarnpkg.com/relative-time-format/-/relative-time-format-1.1.6.tgz#724a5fbc3794b8e0471b6b61419af2ce699eb9f1"
  integrity sha512-aCv3juQw4hT1/P/OrVltKWLlp15eW1GRcwP1XdxHrPdZE9MtgqFpegjnTjLhi2m2WI9MT/hQQtE+tjEWG1hgkQ==

safe-buffer@~5.2.0:
  version "5.2.1"
  resolved "https://registry.yarnpkg.com/safe-buffer/-/safe-buffer-5.2.1.tgz#1eaf9fa9bdb1fdd4ec75f58f9cdb4e6b7827eec6"
  integrity sha512-rp3So07KcdmmKbGvgaNxQSJr7bGVSVk5S9Eq1F+ppbRo70+YeaDxkw5Dd8NPN+GD6bjnYm2VuPuCXmpuYvmCXQ==

streamsearch@^1.1.0:
  version "1.1.0"
  resolved "https://registry.yarnpkg.com/streamsearch/-/streamsearch-1.1.0.tgz#404dd1e2247ca94af554e841a8ef0eaa238da764"
  integrity sha512-Mcc5wHehp9aXz1ax6bZUyY5afg9u2rv5cqQI3mRrYkGC8rW2hM02jWuwjtL++LS5qinSyhj2QfLyNsuc+VsExg==

string_decoder@^1.1.1:
  version "1.3.0"
  resolved "https://registry.yarnpkg.com/string_decoder/-/string_decoder-1.3.0.tgz#42f114594a46cf1a8e30b0a84f56c78c3edac21e"
  integrity sha512-hkRX8U1WjJFd8LsDJ2yQ/wWWxaopEsABU1XfkM8A+j0+85JAGppt16cr1Whg6KIbb4okU6Mql6BOj+uup/wKeA==
  dependencies:
    safe-buffer "~5.2.0"

strtok3@^7.0.0:
  version "7.0.0"
  resolved "https://registry.yarnpkg.com/strtok3/-/strtok3-7.0.0.tgz#868c428b4ade64a8fd8fee7364256001c1a4cbe5"
  integrity sha512-pQ+V+nYQdC5H3Q7qBZAz/MO6lwGhoC2gOAjuouGf/VO0m7vQRh8QNMl2Uf6SwAtzZ9bOw3UIeBukEGNJl5dtXQ==
  dependencies:
    "@tokenizer/token" "^0.3.0"
    peek-readable "^5.0.0"

token-types@^5.0.1:
  version "5.0.1"
  resolved "https://registry.yarnpkg.com/token-types/-/token-types-5.0.1.tgz#aa9d9e6b23c420a675e55413b180635b86a093b4"
  integrity sha512-Y2fmSnZjQdDb9W4w4r1tswlMHylzWIeOKpx0aZH9BgGtACHhrk3OkT52AzwcuqTRBZtvvnTjDBh8eynMulu8Vg==
  dependencies:
    "@tokenizer/token" "^0.3.0"
    ieee754 "^1.2.1"

tr46@~0.0.3:
  version "0.0.3"
  resolved "https://registry.yarnpkg.com/tr46/-/tr46-0.0.3.tgz#8184fd347dac9cdc185992f3a6622e14b9d9ab6a"
  integrity sha512-N3WMsuqV66lT30CrXNbEjx4GEwlow3v6rr4mCcv6prnfwhS01rkgyFdjPNBYd9br7LpXV1+Emh01fHnq2Gdgrw==

ts-mixer@^6.0.1:
  version "6.0.3"
  resolved "https://registry.yarnpkg.com/ts-mixer/-/ts-mixer-6.0.3.tgz#69bd50f406ff39daa369885b16c77a6194c7cae6"
  integrity sha512-k43M7uCG1AkTyxgnmI5MPwKoUvS/bRvLvUb7+Pgpdlmok8AoqmUaZxUUw8zKM5B1lqZrt41GjYgnvAi0fppqgQ==

tslib@^2.4.0, tslib@^2.5.0:
  version "2.5.0"
  resolved "https://registry.yarnpkg.com/tslib/-/tslib-2.5.0.tgz#42bfed86f5787aeb41d031866c8f402429e0fddf"
  integrity sha512-336iVw3rtn2BUK7ORdIAHTyxHGRIHVReokCR3XjbckJMK7ms8FysBfhLR8IXnAgy7T0PTPNBWKiH514FOW/WSg==

undici-types@~6.19.2:
  version "6.19.8"
  resolved "https://registry.yarnpkg.com/undici-types/-/undici-types-6.19.8.tgz#35111c9d1437ab83a7cdc0abae2f26d88eda0a02"
  integrity sha512-ve2KP6f/JnbPBFyobGHuerC9g1FYGn/F8n1LWTwNxCEzd6IfqTwUQcNXgEtmmQ6DlRrC1hrSrBnCZPokRrDHjw==

undici@^5.20.0:
  version "5.21.0"
  resolved "https://registry.yarnpkg.com/undici/-/undici-5.21.0.tgz#b00dfc381f202565ab7f52023222ab862bb2494f"
  integrity sha512-HOjK8l6a57b2ZGXOcUsI5NLfoTrfmbOl90ixJDl0AEFG4wgHNDQxtZy15/ZQp7HhjkpaGlp/eneMgtsu1dIlUA==
  dependencies:
    busboy "^1.6.0"

util-deprecate@^1.0.1:
  version "1.0.2"
  resolved "https://registry.yarnpkg.com/util-deprecate/-/util-deprecate-1.0.2.tgz#450d4dc9fa70de732762fbd2d4a28981419a0ccf"
  integrity sha512-EPD5q1uXyFxJpCrLnCc1nHnq3gOa6DZBocAIiI2TaSCA7VCJ1UJDMagCzIkXNsUYfD1daK//LTEQ8xiIbrHtcw==

web-streams-polyfill@^3.0.3:
  version "3.2.1"
  resolved "https://registry.yarnpkg.com/web-streams-polyfill/-/web-streams-polyfill-3.2.1.tgz#71c2718c52b45fd49dbeee88634b3a60ceab42a6"
  integrity sha512-e0MO3wdXWKrLbL0DgGnUV7WHVuw9OUvL4hjgnPkIeEvESk74gAITi5G606JtZPp39cd8HA9VQzCIvA49LpPN5Q==

webidl-conversions@^3.0.0:
  version "3.0.1"
  resolved "https://registry.yarnpkg.com/webidl-conversions/-/webidl-conversions-3.0.1.tgz#24534275e2a7bc6be7bc86611cc16ae0a5654871"
  integrity sha512-2JAn3z8AR6rjK8Sm8orRC0h/bcl/DqL7tRPdGZ4I1CjdF+EaMLmYxBHyXuKL849eucPFhvBoxMsflfOb8kxaeQ==

whatwg-url@^5.0.0:
  version "5.0.0"
  resolved "https://registry.yarnpkg.com/whatwg-url/-/whatwg-url-5.0.0.tgz#966454e8765462e37644d3626f6742ce8b70965d"
  integrity sha512-saE57nupxk6v3HY35+jzBwYa0rKSy0XR8JSxZPwgLr7ys0IBzhGviA1/TUGJLmSVqs8pb9AnvICXEuOHLprYTw==
  dependencies:
    tr46 "~0.0.3"
    webidl-conversions "^3.0.0"

ws@^8.13.0, ws@^8.9.0:
  version "8.13.0"
  resolved "https://registry.yarnpkg.com/ws/-/ws-8.13.0.tgz#9a9fb92f93cf41512a0735c8f4dd09b8a1211cd0"
  integrity sha512-x9vcZYTrFPC7aSIbj7sRCYo7L/Xb8Iy+pW0ng0wt2vCJv7M9HOMy0UoN3rr+IFC7hb7vXoqS+P9ktyLLLhO+LA==

ws@^8.16.0:
  version "8.18.0"
  resolved "https://registry.yarnpkg.com/ws/-/ws-8.18.0.tgz#0d7505a6eafe2b0e712d232b42279f53bc289bbc"
  integrity sha512-8VbfWfHLbbwu3+N6OKsOMpBdT4kXPDDB9cJk2bJ6mh9ucxdlnNvH1e+roYkKmN9Nxw2yjz7VzeO9oOz2zJ04Pw==
